
Microsoft Visual Studio Solution File, Format Version 12.00
# Visual Studio Version 17
VisualStudioVersion = 17.0.31903.59
MinimumVisualStudioVersion = 10.0.40219.1
Project("{2150E333-8FDC-42A3-9474-1A3956D46DE8}") = "src", "src", "{95D3141C-7BCA-4909-A338-688C8CC98398}"
EndProject
Project("{FAE04EC0-301F-11D3-BF4B-00C04F79EFBC}") = "DaisysApp", "src\DaisysApp\DaisysApp.csproj", "{C61F698B-24F6-4562-8998-156E66C1C249}"
EndProject
Project("{FAE04EC0-301F-11D3-BF4B-00C04F79EFBC}") = "DaisysApp.Core", "src\DaisysApp.Core\DaisysApp.Core.csproj", "{80BFB2E8-C5D7-4EF9-9C2D-EBBF71F800D2}"
EndProject
Project("{2150E333-8FDC-42A3-9474-1A3956D46DE8}") = "Modules", "Modules", "{DCCCCDF2-0A31-4491-8417-D067EB597BFD}"
EndProject
Project("{FAE04EC0-301F-11D3-BF4B-00C04F79EFBC}") = "MiniMirror", "src\Modules\MiniMirror\MiniMirror.csproj", "{739DB03D-77EF-4A51-9029-96CD476EC258}"
EndProject
Project("{FAE04EC0-301F-11D3-BF4B-00C04F79EFBC}") = "Performance", "src\Modules\Performance\Performance.csproj", "{BB3755FA-542B-4821-900C-8D45D1A91FCD}"
EndProject
Project("{FAE04EC0-301F-11D3-BF4B-00C04F79EFBC}") = "Resizer", "src\Modules\Resizer\Resizer.csproj", "{5B2C1BEC-3FF9-4A50-9222-E0A5D05052E8}"
EndProject
Project("{FAE04EC0-301F-11D3-BF4B-00C04F79EFBC}") = "UsbMonitor", "src\Modules\UsbMonitor\UsbMonitor.csproj", "{C2CDB2DA-B6EA-4586-BDED-D38F46DA3A45}"
EndProject
Project("{FAE04EC0-301F-11D3-BF4B-00C04F79EFBC}") = "Template", "src\Modules\Template\Template.csproj", "{955A5815-E3B9-41F2-8A47-52BD8005374D}"
EndProject
Project("{FAE04EC0-301F-11D3-BF4B-00C04F79EFBC}") = "Gaming", "src\Modules\Gaming\Gaming.csproj", "{1E9CF3C0-F852-47A5-8670-8F78B337F9E9}"
EndProject
Project("{FAE04EC0-301F-11D3-BF4B-00C04F79EFBC}") = "Sensors", "src\Modules\Sensors\Sensors.csproj", "{496922E9-BC08-421D-AF90-7A073816BB64}"
EndProject
Project("{2150E333-8FDC-42A3-9474-1A3956D46DE8}") = "Modules", "Modules", "{C616CDA0-23CE-4875-99BD-32083CF3203D}"
EndProject
Project("{FAE04EC0-301F-11D3-BF4B-00C04F79EFBC}") = "AudioTools", "src\Modules\AudioTools\AudioTools.csproj", "{805B5E2F-C18F-41A1-BDBF-863B92E2C921}"
EndProject
Global
	GlobalSection(SolutionConfigurationPlatforms) = preSolution
		Debug|Any CPU = Debug|Any CPU
		Release|Any CPU = Release|Any CPU
	EndGlobalSection
	GlobalSection(SolutionProperties) = preSolution
		HideSolutionNode = FALSE
	EndGlobalSection
	GlobalSection(ProjectConfigurationPlatforms) = postSolution
		{C61F698B-24F6-4562-8998-156E66C1C249}.Debug|Any CPU.ActiveCfg = Debug|Any CPU
		{C61F698B-24F6-4562-8998-156E66C1C249}.Debug|Any CPU.Build.0 = Debug|Any CPU
		{C61F698B-24F6-4562-8998-156E66C1C249}.Release|Any CPU.ActiveCfg = Release|Any CPU
		{C61F698B-24F6-4562-8998-156E66C1C249}.Release|Any CPU.Build.0 = Release|Any CPU
		{80BFB2E8-C5D7-4EF9-9C2D-EBBF71F800D2}.Debug|Any CPU.ActiveCfg = Debug|Any CPU
		{80BFB2E8-C5D7-4EF9-9C2D-EBBF71F800D2}.Debug|Any CPU.Build.0 = Debug|Any CPU
		{80BFB2E8-C5D7-4EF9-9C2D-EBBF71F800D2}.Release|Any CPU.ActiveCfg = Release|Any CPU
		{80BFB2E8-C5D7-4EF9-9C2D-EBBF71F800D2}.Release|Any CPU.Build.0 = Release|Any CPU
		{739DB03D-77EF-4A51-9029-96CD476EC258}.Debug|Any CPU.ActiveCfg = Debug|Any CPU
		{739DB03D-77EF-4A51-9029-96CD476EC258}.Debug|Any CPU.Build.0 = Debug|Any CPU
		{739DB03D-77EF-4A51-9029-96CD476EC258}.Release|Any CPU.ActiveCfg = Release|Any CPU
		{739DB03D-77EF-4A51-9029-96CD476EC258}.Release|Any CPU.Build.0 = Release|Any CPU
		{BB3755FA-542B-4821-900C-8D45D1A91FCD}.Debug|Any CPU.ActiveCfg = Debug|Any CPU
		{BB3755FA-542B-4821-900C-8D45D1A91FCD}.Debug|Any CPU.Build.0 = Debug|Any CPU
		{BB3755FA-542B-4821-900C-8D45D1A91FCD}.Release|Any CPU.ActiveCfg = Release|Any CPU
		{BB3755FA-542B-4821-900C-8D45D1A91FCD}.Release|Any CPU.Build.0 = Release|Any CPU
		{5B2C1BEC-3FF9-4A50-9222-E0A5D05052E8}.Debug|Any CPU.ActiveCfg = Debug|Any CPU
		{5B2C1BEC-3FF9-4A50-9222-E0A5D05052E8}.Debug|Any CPU.Build.0 = Debug|Any CPU
		{5B2C1BEC-3FF9-4A50-9222-E0A5D05052E8}.Release|Any CPU.ActiveCfg = Release|Any CPU
		{5B2C1BEC-3FF9-4A50-9222-E0A5D05052E8}.Release|Any CPU.Build.0 = Release|Any CPU
		{C2CDB2DA-B6EA-4586-BDED-D38F46DA3A45}.Debug|Any CPU.ActiveCfg = Debug|Any CPU
		{C2CDB2DA-B6EA-4586-BDED-D38F46DA3A45}.Debug|Any CPU.Build.0 = Debug|Any CPU
		{C2CDB2DA-B6EA-4586-BDED-D38F46DA3A45}.Release|Any CPU.ActiveCfg = Release|Any CPU
		{C2CDB2DA-B6EA-4586-BDED-D38F46DA3A45}.Release|Any CPU.Build.0 = Release|Any CPU
		{955A5815-E3B9-41F2-8A47-52BD8005374D}.Debug|Any CPU.ActiveCfg = Debug|Any CPU
		{955A5815-E3B9-41F2-8A47-52BD8005374D}.Debug|Any CPU.Build.0 = Debug|Any CPU
		{955A5815-E3B9-41F2-8A47-52BD8005374D}.Release|Any CPU.ActiveCfg = Release|Any CPU
		{955A5815-E3B9-41F2-8A47-52BD8005374D}.Release|Any CPU.Build.0 = Release|Any CPU
		{1E9CF3C0-F852-47A5-8670-8F78B337F9E9}.Debug|Any CPU.ActiveCfg = Debug|Any CPU
		{1E9CF3C0-F852-47A5-8670-8F78B337F9E9}.Debug|Any CPU.Build.0 = Debug|Any CPU
		{1E9CF3C0-F852-47A5-8670-8F78B337F9E9}.Release|Any CPU.ActiveCfg = Release|Any CPU
		{1E9CF3C0-F852-47A5-8670-8F78B337F9E9}.Release|Any CPU.Build.0 = Release|Any CPU
		{496922E9-BC08-421D-AF90-7A073816BB64}.Debug|Any CPU.ActiveCfg = Debug|Any CPU
		{496922E9-BC08-421D-AF90-7A073816BB64}.Debug|Any CPU.Build.0 = Debug|Any CPU
		{496922E9-BC08-421D-AF90-7A073816BB64}.Release|Any CPU.ActiveCfg = Release|Any CPU
		{496922E9-BC08-421D-AF90-7A073816BB64}.Release|Any CPU.Build.0 = Release|Any CPU
		{805B5E2F-C18F-41A1-BDBF-863B92E2C921}.Debug|Any CPU.ActiveCfg = Debug|Any CPU
		{805B5E2F-C18F-41A1-BDBF-863B92E2C921}.Debug|Any CPU.Build.0 = Debug|Any CPU
		{805B5E2F-C18F-41A1-BDBF-863B92E2C921}.Release|Any CPU.ActiveCfg = Release|Any CPU
		{805B5E2F-C18F-41A1-BDBF-863B92E2C921}.Release|Any CPU.Build.0 = Release|Any CPU
	EndGlobalSection
	GlobalSection(NestedProjects) = preSolution
		{C61F698B-24F6-4562-8998-156E66C1C249} = {95D3141C-7BCA-4909-A338-688C8CC98398}
		{80BFB2E8-C5D7-4EF9-9C2D-EBBF71F800D2} = {95D3141C-7BCA-4909-A338-688C8CC98398}
		{DCCCCDF2-0A31-4491-8417-D067EB597BFD} = {95D3141C-7BCA-4909-A338-688C8CC98398}
		{739DB03D-77EF-4A51-9029-96CD476EC258} = {DCCCCDF2-0A31-4491-8417-D067EB597BFD}
		{BB3755FA-542B-4821-900C-8D45D1A91FCD} = {DCCCCDF2-0A31-4491-8417-D067EB597BFD}
		{5B2C1BEC-3FF9-4A50-9222-E0A5D05052E8} = {DCCCCDF2-0A31-4491-8417-D067EB597BFD}
		{C2CDB2DA-B6EA-4586-BDED-D38F46DA3A45} = {DCCCCDF2-0A31-4491-8417-D067EB597BFD}
		{955A5815-E3B9-41F2-8A47-52BD8005374D} = {DCCCCDF2-0A31-4491-8417-D067EB597BFD}
		{1E9CF3C0-F852-47A5-8670-8F78B337F9E9} = {DCCCCDF2-0A31-4491-8417-D067EB597BFD}
		{496922E9-BC08-421D-AF90-7A073816BB64} = {DCCCCDF2-0A31-4491-8417-D067EB597BFD}
		{805B5E2F-C18F-41A1-BDBF-863B92E2C921} = {C616CDA0-23CE-4875-99BD-32083CF3203D}
	EndGlobalSection
EndGlobal
